<Solution>
  <Folder Name="/Solution Items/">
    <File Path=".editorconfig" />
    <File Path="Directory.Build.props" />
    <File Path="Directory.Packages.props" />
    <File Path="README.md" />
  </Folder>
  <Project Path="EfInheritanceTpC/EfInheritanceTpC.csproj" />
  <Project Path="EfInheritanceTpH/EfInheritanceTpH.csproj" />
  <Project Path="EfInheritanceTpT/EfInheritanceTpT.csproj" />
</Solution>
